// !$*UTF8*$!
{
	archiveVersion = 1;
	classes = {
	};
	objectVersion = 50;
	objects = {

/* Begin PBXBuildFile section */
		DE33BB202116E970008849CF /* IconFilesSearcher.swift in Sources */ = {isa = PBXBuildFile; fileRef = DE33BB1F2116E970008849CF /* IconFilesSearcher.swift */; };
		DE3531B5212BD24600969F39 /* CollectionViewItem.swift in Sources */ = {isa = PBXBuildFile; fileRef = DE3531B3212BD24600969F39 /* CollectionViewItem.swift */; };
		DE3531B6212BD24600969F39 /* CollectionViewItem.xib in Resources */ = {isa = PBXBuildFile; fileRef = DE3531B4212BD24600969F39 /* CollectionViewItem.xib */; };
		DE3531B9212BE1D000969F39 /* File.swift in Sources */ = {isa = PBXBuildFile; fileRef = DE3531B8212BE1D000969F39 /* File.swift */; };
		DE3531BB212BE2F900969F39 /* AppsFilesLoader.swift in Sources */ = {isa = PBXBuildFile; fileRef = DE3531BA212BE2F900969F39 /* AppsFilesLoader.swift */; };
		DE77326C21133B110006A5EB /* Controls.swift in Sources */ = {isa = PBXBuildFile; fileRef = DE77326B21133B110006A5EB /* Controls.swift */; };
		DE8B794F21103B1400B0D8BD /* AppDelegate.swift in Sources */ = {isa = PBXBuildFile; fileRef = DE8B794E21103B1400B0D8BD /* AppDelegate.swift */; };
		DE8B795121103B1400B0D8BD /* ViewController.swift in Sources */ = {isa = PBXBuildFile; fileRef = DE8B795021103B1400B0D8BD /* ViewController.swift */; };
		DE8B795321103B1500B0D8BD /* Assets.xcassets in Resources */ = {isa = PBXBuildFile; fileRef = DE8B795221103B1500B0D8BD /* Assets.xcassets */; };
		DE8B795621103B1500B0D8BD /* Main.storyboard in Resources */ = {isa = PBXBuildFile; fileRef = DE8B795421103B1500B0D8BD /* Main.storyboard */; };
		DE8B795F21103D0300B0D8BD /* Button.swift in Sources */ = {isa = PBXBuildFile; fileRef = DE8B795E21103D0300B0D8BD /* Button.swift */; };
		DE8B796121103D3500B0D8BD /* TODO in Resources */ = {isa = PBXBuildFile; fileRef = DE8B796021103D3500B0D8BD /* TODO */; };
		DEC2690821105B8E00219B49 /* Window.swift in Sources */ = {isa = PBXBuildFile; fileRef = DEC2690721105B8E00219B49 /* Window.swift */; };
		DEC2690A21109B7E00219B49 /* CustomizeViewController.swift in Sources */ = {isa = PBXBuildFile; fileRef = DEC2690921109B7E00219B49 /* CustomizeViewController.swift */; };
		DEC2690C2110AA2B00219B49 /* ListOfApps.swift in Sources */ = {isa = PBXBuildFile; fileRef = DEC2690B2110AA2B00219B49 /* ListOfApps.swift */; };
		DEC2690E2110CBF300219B49 /* VisualEffectView.swift in Sources */ = {isa = PBXBuildFile; fileRef = DEC2690D2110CBF300219B49 /* VisualEffectView.swift */; };
		DEC269102110FAF100219B49 /* CustomizeButton.swift in Sources */ = {isa = PBXBuildFile; fileRef = DEC2690F2110FAF100219B49 /* CustomizeButton.swift */; };
		DEC269122111ADAD00219B49 /* CloseButton.swift in Sources */ = {isa = PBXBuildFile; fileRef = DEC269112111ADAD00219B49 /* CloseButton.swift */; };
		DEC269342112ABB500219B49 /* View.swift in Sources */ = {isa = PBXBuildFile; fileRef = DEC269332112ABB500219B49 /* View.swift */; };
		DEEA0407212053F500277411 /* UserDefaults.swift in Sources */ = {isa = PBXBuildFile; fileRef = DEEA0406212053F500277411 /* UserDefaults.swift */; };
/* End PBXBuildFile section */

/* Begin PBXFileReference section */
		DE33BB1F2116E970008849CF /* IconFilesSearcher.swift */ = {isa = PBXFileReference; lastKnownFileType = sourcecode.swift; path = IconFilesSearcher.swift; sourceTree = "<group>"; };
		DE3531B3212BD24600969F39 /* CollectionViewItem.swift */ = {isa = PBXFileReference; lastKnownFileType = sourcecode.swift; path = CollectionViewItem.swift; sourceTree = "<group>"; };
		DE3531B4212BD24600969F39 /* CollectionViewItem.xib */ = {isa = PBXFileReference; lastKnownFileType = file.xib; path = CollectionViewItem.xib; sourceTree = "<group>"; };
		DE3531B8212BE1D000969F39 /* File.swift */ = {isa = PBXFileReference; lastKnownFileType = sourcecode.swift; path = File.swift; sourceTree = "<group>"; };
		DE3531BA212BE2F900969F39 /* AppsFilesLoader.swift */ = {isa = PBXFileReference; lastKnownFileType = sourcecode.swift; path = AppsFilesLoader.swift; sourceTree = "<group>"; };
		DE77326B21133B110006A5EB /* Controls.swift */ = {isa = PBXFileReference; lastKnownFileType = sourcecode.swift; path = Controls.swift; sourceTree = "<group>"; };
		DE8B794B21103B1400B0D8BD /* Switcher 5.app */ = {isa = PBXFileReference; explicitFileType = wrapper.application; includeInIndex = 0; path = "Switcher 5.app"; sourceTree = BUILT_PRODUCTS_DIR; };
		DE8B794E21103B1400B0D8BD /* AppDelegate.swift */ = {isa = PBXFileReference; lastKnownFileType = sourcecode.swift; path = AppDelegate.swift; sourceTree = "<group>"; };
		DE8B795021103B1400B0D8BD /* ViewController.swift */ = {isa = PBXFileReference; lastKnownFileType = sourcecode.swift; path = ViewController.swift; sourceTree = "<group>"; };
		DE8B795221103B1500B0D8BD /* Assets.xcassets */ = {isa = PBXFileReference; lastKnownFileType = folder.assetcatalog; path = Assets.xcassets; sourceTree = "<group>"; };
		DE8B795521103B1500B0D8BD /* Base */ = {isa = PBXFileReference; lastKnownFileType = file.storyboard; name = Base; path = Base.lproj/Main.storyboard; sourceTree = "<group>"; };
		DE8B795721103B1500B0D8BD /* Info.plist */ = {isa = PBXFileReference; lastKnownFileType = text.plist.xml; path = Info.plist; sourceTree = "<group>"; };
		DE8B795821103B1500B0D8BD /* Switcher_5.entitlements */ = {isa = PBXFileReference; lastKnownFileType = text.plist.entitlements; path = Switcher_5.entitlements; sourceTree = "<group>"; };
		DE8B795E21103D0300B0D8BD /* Button.swift */ = {isa = PBXFileReference; lastKnownFileType = sourcecode.swift; path = Button.swift; sourceTree = "<group>"; };
		DE8B796021103D3500B0D8BD /* TODO */ = {isa = PBXFileReference; lastKnownFileType = text; path = TODO; sourceTree = "<group>"; };
		DEC2690721105B8E00219B49 /* Window.swift */ = {isa = PBXFileReference; lastKnownFileType = sourcecode.swift; path = Window.swift; sourceTree = "<group>"; };
		DEC2690921109B7E00219B49 /* CustomizeViewController.swift */ = {isa = PBXFileReference; lastKnownFileType = sourcecode.swift; path = CustomizeViewController.swift; sourceTree = "<group>"; };
		DEC2690B2110AA2B00219B49 /* ListOfApps.swift */ = {isa = PBXFileReference; lastKnownFileType = sourcecode.swift; path = ListOfApps.swift; sourceTree = "<group>"; };
		DEC2690D2110CBF300219B49 /* VisualEffectView.swift */ = {isa = PBXFileReference; lastKnownFileType = sourcecode.swift; path = VisualEffectView.swift; sourceTree = "<group>"; };
		DEC2690F2110FAF100219B49 /* CustomizeButton.swift */ = {isa = PBXFileReference; lastKnownFileType = sourcecode.swift; path = CustomizeButton.swift; sourceTree = "<group>"; };
		DEC269112111ADAD00219B49 /* CloseButton.swift */ = {isa = PBXFileReference; lastKnownFileType = sourcecode.swift; path = CloseButton.swift; sourceTree = "<group>"; };
		DEC269332112ABB500219B49 /* View.swift */ = {isa = PBXFileReference; lastKnownFileType = sourcecode.swift; path = View.swift; sourceTree = "<group>"; };
		DEE2344321142EF80069A900 /* Playground.playground */ = {isa = PBXFileReference; lastKnownFileType = file.playground; path = Playground.playground; sourceTree = "<group>"; xcLanguageSpecificationIdentifier = xcode.lang.swift; };
		DEEA0406212053F500277411 /* UserDefaults.swift */ = {isa = PBXFileReference; lastKnownFileType = sourcecode.swift; path = UserDefaults.swift; sourceTree = "<group>"; };
/* End PBXFileReference section */

/* Begin PBXFrameworksBuildPhase section */
		DE8B794821103B1400B0D8BD /* Frameworks */ = {
			isa = PBXFrameworksBuildPhase;
			buildActionMask = 2147483647;
			files = (
			);
			runOnlyForDeploymentPostprocessing = 0;
		};
/* End PBXFrameworksBuildPhase section */

/* Begin PBXGroup section */
		DE3531B7212BE19500969F39 /* AppsLoader */ = {
			isa = PBXGroup;
			children = (
				DE3531BA212BE2F900969F39 /* AppsFilesLoader.swift */,
				DE3531B8212BE1D000969F39 /* File.swift */,
			);
			name = AppsLoader;
			sourceTree = "<group>";
		};
		DE8B794221103B1400B0D8BD = {
			isa = PBXGroup;
			children = (
				DEE2344321142EF80069A900 /* Playground.playground */,
				DE8B794D21103B1400B0D8BD /* Switcher 5 */,
				DE8B794C21103B1400B0D8BD /* Products */,
			);
			sourceTree = "<group>";
		};
		DE8B794C21103B1400B0D8BD /* Products */ = {
			isa = PBXGroup;
			children = (
				DE8B794B21103B1400B0D8BD /* Switcher 5.app */,
			);
			name = Products;
			sourceTree = "<group>";
		};
		DE8B794D21103B1400B0D8BD /* Switcher 5 */ = {
			isa = PBXGroup;
			children = (
				DE3531B7212BE19500969F39 /* AppsLoader */,
				DE33BB1F2116E970008849CF /* IconFilesSearcher.swift */,
				DEC2690721105B8E00219B49 /* Window.swift */,
				DE8B794E21103B1400B0D8BD /* AppDelegate.swift */,
				DEEA040821205FE100277411 /* ViewController */,
				DEC2690921109B7E00219B49 /* CustomizeViewController.swift */,
				DE8B795221103B1500B0D8BD /* Assets.xcassets */,
				DE8B795421103B1500B0D8BD /* Main.storyboard */,
				DE77326B21133B110006A5EB /* Controls.swift */,
				DEC269332112ABB500219B49 /* View.swift */,
				DEC2690D2110CBF300219B49 /* VisualEffectView.swift */,
				DE8B796021103D3500B0D8BD /* TODO */,
				DE8B795E21103D0300B0D8BD /* Button.swift */,
				DEC269112111ADAD00219B49 /* CloseButton.swift */,
				DEC2690F2110FAF100219B49 /* CustomizeButton.swift */,
				DE8B795721103B1500B0D8BD /* Info.plist */,
				DE8B795821103B1500B0D8BD /* Switcher_5.entitlements */,
				DEC2690B2110AA2B00219B49 /* ListOfApps.swift */,
			);
			path = "Switcher 5";
			sourceTree = "<group>";
		};
		DEEA040821205FE100277411 /* ViewController */ = {
			isa = PBXGroup;
			children = (
				DE8B795021103B1400B0D8BD /* ViewController.swift */,
				DE3531B3212BD24600969F39 /* CollectionViewItem.swift */,
				DE3531B4212BD24600969F39 /* CollectionViewItem.xib */,
				DEEA0406212053F500277411 /* UserDefaults.swift */,
			);
			name = ViewController;
			sourceTree = "<group>";
		};
/* End PBXGroup section */

/* Begin PBXNativeTarget section */
		DE8B794A21103B1400B0D8BD /* Switcher 5 */ = {
			isa = PBXNativeTarget;
			buildConfigurationList = DE8B795B21103B1500B0D8BD /* Build configuration list for PBXNativeTarget "Switcher 5" */;
			buildPhases = (
				DE8B794721103B1400B0D8BD /* Sources */,
				DE8B794821103B1400B0D8BD /* Frameworks */,
				DE8B794921103B1400B0D8BD /* Resources */,
			);
			buildRules = (
			);
			dependencies = (
			);
			name = "Switcher 5";
			productName = "Switcher 5";
			productReference = DE8B794B21103B1400B0D8BD /* Switcher 5.app */;
			productType = "com.apple.product-type.application";
		};
/* End PBXNativeTarget section */

/* Begin PBXProject section */
		DE8B794321103B1400B0D8BD /* Project object */ = {
			isa = PBXProject;
			attributes = {
				LastSwiftUpdateCheck = 0940;
				LastUpgradeCheck = 0940;
				ORGANIZATIONNAME = "古賀ミッシェル";
				TargetAttributes = {
					DE8B794A21103B1400B0D8BD = {
						CreatedOnToolsVersion = 9.4.1;
						LastSwiftMigration = 1000;
						SystemCapabilities = {
							com.apple.Sandbox = {
								enabled = 0;
							};
						};
					};
				};
			};
			buildConfigurationList = DE8B794621103B1400B0D8BD /* Build configuration list for PBXProject "Switcher 5" */;
			compatibilityVersion = "Xcode 9.3";
			developmentRegion = en;
			hasScannedForEncodings = 0;
			knownRegions = (
				en,
				Base,
			);
			mainGroup = DE8B794221103B1400B0D8BD;
			productRefGroup = DE8B794C21103B1400B0D8BD /* Products */;
			projectDirPath = "";
			projectRoot = "";
			targets = (
				DE8B794A21103B1400B0D8BD /* Switcher 5 */,
			);
		};
/* End PBXProject section */

/* Begin PBXResourcesBuildPhase section */
		DE8B794921103B1400B0D8BD /* Resources */ = {
			isa = PBXResourcesBuildPhase;
			buildActionMask = 2147483647;
			files = (
				DE8B796121103D3500B0D8BD /* TODO in Resources */,
				DE3531B6212BD24600969F39 /* CollectionViewItem.xib in Resources */,
				DE8B795321103B1500B0D8BD /* Assets.xcassets in Resources */,
				DE8B795621103B1500B0D8BD /* Main.storyboard in Resources */,
			);
			runOnlyForDeploymentPostprocessing = 0;
		};
/* End PBXResourcesBuildPhase section */

/* Begin PBXSourcesBuildPhase section */
		DE8B794721103B1400B0D8BD /* Sources */ = {
			isa = PBXSourcesBuildPhase;
			buildActionMask = 2147483647;
			files = (
				DEC2690C2110AA2B00219B49 /* ListOfApps.swift in Sources */,
				DE3531B5212BD24600969F39 /* CollectionViewItem.swift in Sources */,
				DE8B795121103B1400B0D8BD /* ViewController.swift in Sources */,
				DEC269342112ABB500219B49 /* View.swift in Sources */,
				DE33BB202116E970008849CF /* IconFilesSearcher.swift in Sources */,
				DEEA0407212053F500277411 /* UserDefaults.swift in Sources */,
				DEC2690E2110CBF300219B49 /* VisualEffectView.swift in Sources */,
				DEC269122111ADAD00219B49 /* CloseButton.swift in Sources */,
				DE8B795F21103D0300B0D8BD /* Button.swift in Sources */,
				DE77326C21133B110006A5EB /* Controls.swift in Sources */,
				DE3531B9212BE1D000969F39 /* File.swift in Sources */,
				DE8B794F21103B1400B0D8BD /* AppDelegate.swift in Sources */,
				DEC2690A21109B7E00219B49 /* CustomizeViewController.swift in Sources */,
				DEC2690821105B8E00219B49 /* Window.swift in Sources */,
				DE3531BB212BE2F900969F39 /* AppsFilesLoader.swift in Sources */,
				DEC269102110FAF100219B49 /* CustomizeButton.swift in Sources */,
			);
			runOnlyForDeploymentPostprocessing = 0;
		};
/* End PBXSourcesBuildPhase section */

/* Begin PBXVariantGroup section */
		DE8B795421103B1500B0D8BD /* Main.storyboard */ = {
			isa = PBXVariantGroup;
			children = (
				DE8B795521103B1500B0D8BD /* Base */,
			);
			name = Main.storyboard;
			sourceTree = "<group>";
		};
/* End PBXVariantGroup section */

/* Begin XCBuildConfiguration section */
		DE8B795921103B1500B0D8BD /* Debug */ = {
			isa = XCBuildConfiguration;
			buildSettings = {
				ALWAYS_SEARCH_USER_PATHS = NO;
				CLANG_ANALYZER_NONNULL = YES;
				CLANG_ANALYZER_NUMBER_OBJECT_CONVERSION = YES_AGGRESSIVE;
				CLANG_CXX_LANGUAGE_STANDARD = "gnu++14";
				CLANG_CXX_LIBRARY = "libc++";
				CLANG_ENABLE_MODULES = YES;
				CLANG_ENABLE_OBJC_ARC = YES;
				CLANG_ENABLE_OBJC_WEAK = YES;
				CLANG_WARN_BLOCK_CAPTURE_AUTORELEASING = YES;
				CLANG_WARN_BOOL_CONVERSION = YES;
				CLANG_WARN_COMMA = YES;
				CLANG_WARN_CONSTANT_CONVERSION = YES;
				CLANG_WARN_DEPRECATED_OBJC_IMPLEMENTATIONS = YES;
				CLANG_WARN_DIRECT_OBJC_ISA_USAGE = YES_ERROR;
				CLANG_WARN_DOCUMENTATION_COMMENTS = YES;
				CLANG_WARN_EMPTY_BODY = YES;
				CLANG_WARN_ENUM_CONVERSION = YES;
				CLANG_WARN_INFINITE_RECURSION = YES;
				CLANG_WARN_INT_CONVERSION = YES;
				CLANG_WARN_NON_LITERAL_NULL_CONVERSION = YES;
				CLANG_WARN_OBJC_IMPLICIT_RETAIN_SELF = YES;
				CLANG_WARN_OBJC_LITERAL_CONVERSION = YES;
				CLANG_WARN_OBJC_ROOT_CLASS = YES_ERROR;
				CLANG_WARN_RANGE_LOOP_ANALYSIS = YES;
				CLANG_WARN_STRICT_PROTOTYPES = YES;
				CLANG_WARN_SUSPICIOUS_MOVE = YES;
				CLANG_WARN_UNGUARDED_AVAILABILITY = YES_AGGRESSIVE;
				CLANG_WARN_UNREACHABLE_CODE = YES;
				CLANG_WARN__DUPLICATE_METHOD_MATCH = YES;
				CODE_SIGN_IDENTITY = "Mac Developer";
				COPY_PHASE_STRIP = NO;
				DEBUG_INFORMATION_FORMAT = dwarf;
				ENABLE_STRICT_OBJC_MSGSEND = YES;
				ENABLE_TESTABILITY = YES;
				GCC_C_LANGUAGE_STANDARD = gnu11;
				GCC_DYNAMIC_NO_PIC = NO;
				GCC_NO_COMMON_BLOCKS = YES;
				GCC_OPTIMIZATION_LEVEL = 0;
				GCC_PREPROCESSOR_DEFINITIONS = (
					"DEBUG=1",
					"$(inherited)",
				);
				GCC_WARN_64_TO_32_BIT_CONVERSION = YES;
				GCC_WARN_ABOUT_RETURN_TYPE = YES_ERROR;
				GCC_WARN_UNDECLARED_SELECTOR = YES;
				GCC_WARN_UNINITIALIZED_AUTOS = YES_AGGRESSIVE;
				GCC_WARN_UNUSED_FUNCTION = YES;
				GCC_WARN_UNUSED_VARIABLE = YES;
				MACOSX_DEPLOYMENT_TARGET = 10.13;
				MTL_ENABLE_DEBUG_INFO = YES;
				ONLY_ACTIVE_ARCH = YES;
				SDKROOT = macosx;
				SWIFT_ACTIVE_COMPILATION_CONDITIONS = DEBUG;
				SWIFT_OPTIMIZATION_LEVEL = "-Onone";
			};
			name = Debug;
		};
		DE8B795A21103B1500B0D8BD /* Release */ = {
			isa = XCBuildConfiguration;
			buildSettings = {
				ALWAYS_SEARCH_USER_PATHS = NO;
				CLANG_ANALYZER_NONNULL = YES;
				CLANG_ANALYZER_NUMBER_OBJECT_CONVERSION = YES_AGGRESSIVE;
				CLANG_CXX_LANGUAGE_STANDARD = "gnu++14";
				CLANG_CXX_LIBRARY = "libc++";
				CLANG_ENABLE_MODULES = YES;
				CLANG_ENABLE_OBJC_ARC = YES;
				CLANG_ENABLE_OBJC_WEAK = YES;
				CLANG_WARN_BLOCK_CAPTURE_AUTORELEASING = YES;
				CLANG_WARN_BOOL_CONVERSION = YES;
				CLANG_WARN_COMMA = YES;
				CLANG_WARN_CONSTANT_CONVERSION = YES;
				CLANG_WARN_DEPRECATED_OBJC_IMPLEMENTATIONS = YES;
				CLANG_WARN_DIRECT_OBJC_ISA_USAGE = YES_ERROR;
				CLANG_WARN_DOCUMENTATION_COMMENTS = YES;
				CLANG_WARN_EMPTY_BODY = YES;
				CLANG_WARN_ENUM_CONVERSION = YES;
				CLANG_WARN_INFINITE_RECURSION = YES;
				CLANG_WARN_INT_CONVERSION = YES;
				CLANG_WARN_NON_LITERAL_NULL_CONVERSION = YES;
				CLANG_WARN_OBJC_IMPLICIT_RETAIN_SELF = YES;
				CLANG_WARN_OBJC_LITERAL_CONVERSION = YES;
				CLANG_WARN_OBJC_ROOT_CLASS = YES_ERROR;
				CLANG_WARN_RANGE_LOOP_ANALYSIS = YES;
				CLANG_WARN_STRICT_PROTOTYPES = YES;
				CLANG_WARN_SUSPICIOUS_MOVE = YES;
				CLANG_WARN_UNGUARDED_AVAILABILITY = YES_AGGRESSIVE;
				CLANG_WARN_UNREACHABLE_CODE = YES;
				CLANG_WARN__DUPLICATE_METHOD_MATCH = YES;
				CODE_SIGN_IDENTITY = "Mac Developer";
				COPY_PHASE_STRIP = NO;
				DEBUG_INFORMATION_FORMAT = "dwarf-with-dsym";
				ENABLE_NS_ASSERTIONS = NO;
				ENABLE_STRICT_OBJC_MSGSEND = YES;
				GCC_C_LANGUAGE_STANDARD = gnu11;
				GCC_NO_COMMON_BLOCKS = YES;
				GCC_WARN_64_TO_32_BIT_CONVERSION = YES;
				GCC_WARN_ABOUT_RETURN_TYPE = YES_ERROR;
				GCC_WARN_UNDECLARED_SELECTOR = YES;
				GCC_WARN_UNINITIALIZED_AUTOS = YES_AGGRESSIVE;
				GCC_WARN_UNUSED_FUNCTION = YES;
				GCC_WARN_UNUSED_VARIABLE = YES;
				MACOSX_DEPLOYMENT_TARGET = 10.13;
				MTL_ENABLE_DEBUG_INFO = NO;
				SDKROOT = macosx;
				SWIFT_COMPILATION_MODE = wholemodule;
				SWIFT_OPTIMIZATION_LEVEL = "-O";
			};
			name = Release;
		};
		DE8B795C21103B1500B0D8BD /* Debug */ = {
			isa = XCBuildConfiguration;
			buildSettings = {
				ASSETCATALOG_COMPILER_APPICON_NAME = AppIcon;
				CODE_SIGN_STYLE = Automatic;
				COMBINE_HIDPI_IMAGES = YES;
				DEVELOPMENT_TEAM = 5WHWWFJXK9;
				INFOPLIST_FILE = "Switcher 5/Info.plist";
				LD_RUNPATH_SEARCH_PATHS = (
					"$(inherited)",
					"@executable_path/../Frameworks",
				);
				PRODUCT_BUNDLE_IDENTIFIER = "michel.Switcher-5";
				PRODUCT_NAME = "$(TARGET_NAME)";
				SWIFT_VERSION = 4.2;
			};
			name = Debug;
		};
		DE8B795D21103B1500B0D8BD /* Release */ = {
			isa = XCBuildConfiguration;
			buildSettings = {
				ASSETCATALOG_COMPILER_APPICON_NAME = AppIcon;
				CODE_SIGN_STYLE = Automatic;
				COMBINE_HIDPI_IMAGES = YES;
				DEVELOPMENT_TEAM = 5WHWWFJXK9;
				INFOPLIST_FILE = "Switcher 5/Info.plist";
				LD_RUNPATH_SEARCH_PATHS = (
					"$(inherited)",
					"@executable_path/../Frameworks",
				);
				PRODUCT_BUNDLE_IDENTIFIER = "michel.Switcher-5";
				PRODUCT_NAME = "$(TARGET_NAME)";
				SWIFT_VERSION = 4.2;
			};
			name = Release;
		};
/* End XCBuildConfiguration section */

/* Begin XCConfigurationList section */
		DE8B794621103B1400B0D8BD /* Build configuration list for PBXProject "Switcher 5" */ = {
			isa = XCConfigurationList;
			buildConfigurations = (
				DE8B795921103B1500B0D8BD /* Debug */,
				DE8B795A21103B1500B0D8BD /* Release */,
			);
			defaultConfigurationIsVisible = 0;
			defaultConfigurationName = Release;
		};
		DE8B795B21103B1500B0D8BD /* Build configuration list for PBXNativeTarget "Switcher 5" */ = {
			isa = XCConfigurationList;
			buildConfigurations = (
				DE8B795C21103B1500B0D8BD /* Debug */,
				DE8B795D21103B1500B0D8BD /* Release */,
			);
			defaultConfigurationIsVisible = 0;
			defaultConfigurationName = Release;
		};
/* End XCConfigurationList section */
	};
	rootObject = DE8B794321103B1400B0D8BD /* Project object */;
}
